
Microsoft Visual Studio Solution File, Format Version 12.00
# Visual Studio Version 17
VisualStudioVersion = 17.13.35806.99 d17.13
MinimumVisualStudioVersion = 10.0.40219.1
Project("{FAE04EC0-301F-11D3-BF4B-00C04F79EFBC}") = "Server", "Server\Server.csproj", "{16D09FC3-26ED-4488-87AA-86ACAB46496F}"
EndProject
Project("{FAE04EC0-301F-11D3-BF4B-00C04F79EFBC}") = "Server.DataAccess", "Server.DataAccess\Server.DataAccess.csproj", "{FBFFF8B4-C490-491C-A2ED-B7B5D34EB039}"
EndProject
Project("{FAE04EC0-301F-11D3-BF4B-00C04F79EFBC}") = "Server.Models", "Server.Models\Server.Models.csproj", "{C8F39D68-5875-45CE-9E87-05E46E8ECC7F}"
EndProject
Global
	GlobalSection(SolutionConfigurationPlatforms) = preSolution
		Debug|Any CPU = Debug|Any CPU
		Release|Any CPU = Release|Any CPU
	EndGlobalSection
	GlobalSection(ProjectConfigurationPlatforms) = postSolution
		{16D09FC3-26ED-4488-87AA-86ACAB46496F}.Debug|Any CPU.ActiveCfg = Debug|Any CPU
		{16D09FC3-26ED-4488-87AA-86ACAB46496F}.Debug|Any CPU.Build.0 = Debug|Any CPU
		{16D09FC3-26ED-4488-87AA-86ACAB46496F}.Release|Any CPU.ActiveCfg = Release|Any CPU
		{16D09FC3-26ED-4488-87AA-86ACAB46496F}.Release|Any CPU.Build.0 = Release|Any CPU
		{FBFFF8B4-C490-491C-A2ED-B7B5D34EB039}.Debug|Any CPU.ActiveCfg = Debug|Any CPU
		{FBFFF8B4-C490-491C-A2ED-B7B5D34EB039}.Debug|Any CPU.Build.0 = Debug|Any CPU
		{FBFFF8B4-C490-491C-A2ED-B7B5D34EB039}.Release|Any CPU.ActiveCfg = Release|Any CPU
		{FBFFF8B4-C490-491C-A2ED-B7B5D34EB039}.Release|Any CPU.Build.0 = Release|Any CPU
		{C8F39D68-5875-45CE-9E87-05E46E8ECC7F}.Debug|Any CPU.ActiveCfg = Debug|Any CPU
		{C8F39D68-5875-45CE-9E87-05E46E8ECC7F}.Debug|Any CPU.Build.0 = Debug|Any CPU
		{C8F39D68-5875-45CE-9E87-05E46E8ECC7F}.Release|Any CPU.ActiveCfg = Release|Any CPU
		{C8F39D68-5875-45CE-9E87-05E46E8ECC7F}.Release|Any CPU.Build.0 = Release|Any CPU
	EndGlobalSection
	GlobalSection(SolutionProperties) = preSolution
		HideSolutionNode = FALSE
	EndGlobalSection
	GlobalSection(ExtensibilityGlobals) = postSolution
		SolutionGuid = {047B0481-100C-4ACD-9624-0DAA2D096A42}
	EndGlobalSection
EndGlobal
